
Microsoft Visual Studio Solution File, Format Version 12.00
# Visual Studio Version 17
VisualStudioVersion = 17.11.35327.3
MinimumVisualStudioVersion = 10.0.40219.1
Project("{9A19103F-16F7-4668-BE54-9A1E7A4F7556}") = "SchoolTask", "SchoolTask\SchoolTask.csproj", "{5C9A4021-AF91-459D-BFE6-0D473615F5CC}"
EndProject
Global
	GlobalSection(SolutionConfigurationPlatforms) = preSolution
		Debug|Any CPU = Debug|Any CPU
		Debug|x64 = Debug|x64
		Debug|x86 = Debug|x86
		Release|Any CPU = Release|Any CPU
		Release|x64 = Release|x64
		Release|x86 = Release|x86
	EndGlobalSection
	GlobalSection(ProjectConfigurationPlatforms) = postSolution
		{5C9A4021-AF91-459D-BFE6-0D473615F5CC}.Debug|Any CPU.ActiveCfg = Debug|Any CPU
		{5C9A4021-AF91-459D-BFE6-0D473615F5CC}.Debug|Any CPU.Build.0 = Debug|Any CPU
		{5C9A4021-AF91-459D-BFE6-0D473615F5CC}.Debug|x64.ActiveCfg = Debug|x64
		{5C9A4021-AF91-459D-BFE6-0D473615F5CC}.Debug|x64.Build.0 = Debug|x64
		{5C9A4021-AF91-459D-BFE6-0D473615F5CC}.Debug|x86.ActiveCfg = Debug|x86
		{5C9A4021-AF91-459D-BFE6-0D473615F5CC}.Debug|x86.Build.0 = Debug|x86
		{5C9A4021-AF91-459D-BFE6-0D473615F5CC}.Release|Any CPU.ActiveCfg = Release|Any CPU
		{5C9A4021-AF91-459D-BFE6-0D473615F5CC}.Release|Any CPU.Build.0 = Release|Any CPU
		{5C9A4021-AF91-459D-BFE6-0D473615F5CC}.Release|x64.ActiveCfg = Release|x64
		{5C9A4021-AF91-459D-BFE6-0D473615F5CC}.Release|x64.Build.0 = Release|x64
		{5C9A4021-AF91-459D-BFE6-0D473615F5CC}.Release|x86.ActiveCfg = Release|x86
		{5C9A4021-AF91-459D-BFE6-0D473615F5CC}.Release|x86.Build.0 = Release|x86
	EndGlobalSection
	GlobalSection(SolutionProperties) = preSolution
		HideSolutionNode = FALSE
	EndGlobalSection
	GlobalSection(ExtensibilityGlobals) = postSolution
		SolutionGuid = {D18A171E-4527-4FD3-BD6C-CB439C317232}
	EndGlobalSection
EndGlobal
